
Microsoft Visual Studio Solution File, Format Version 12.00
# Visual Studio Version 17
VisualStudioVersion = 17.11.35327.3
MinimumVisualStudioVersion = 10.0.40219.1
Project("{FAE04EC0-301F-11D3-BF4B-00C04F79EFBC}") = "ConsoleApp1", "ConsoleApp1.csproj", "{77EBC131-639D-4B44-851A-EC86356A3B16}"
EndProject
Global
	GlobalSection(SolutionConfigurationPlatforms) = preSolution
		Debug|Any CPU = Debug|Any CPU
		Release|Any CPU = Release|Any CPU
	EndGlobalSection
	GlobalSection(ProjectConfigurationPlatforms) = postSolution
		{77EBC131-639D-4B44-851A-EC86356A3B16}.Debug|Any CPU.ActiveCfg = Debug|Any CPU
		{77EBC131-639D-4B44-851A-EC86356A3B16}.Debug|Any CPU.Build.0 = Debug|Any CPU
		{77EBC131-639D-4B44-851A-EC86356A3B16}.Release|Any CPU.ActiveCfg = Release|Any CPU
		{77EBC131-639D-4B44-851A-EC86356A3B16}.Release|Any CPU.Build.0 = Release|Any CPU
	EndGlobalSection
	GlobalSection(SolutionProperties) = preSolution
		HideSolutionNode = FALSE
	EndGlobalSection
	GlobalSection(ExtensibilityGlobals) = postSolution
		SolutionGuid = {CEF399F1-9E83-480E-84F4-9F169F8E0475}
	EndGlobalSection
EndGlobal
